
Microsoft Visual Studio Solution File, Format Version 12.00
# Visual Studio Version 17
VisualStudioVersion = 17.4.33213.308
MinimumVisualStudioVersion = 10.0.40219.1
Project("{FAE04EC0-301F-11D3-BF4B-00C04F79EFBC}") = "Climb The Peaks", "Climb The Peaks\Climb The Peaks.csproj", "{8DE3EC4D-75C9-401A-9C79-86A921565382}"
EndProject
Project("{FAE04EC0-301F-11D3-BF4B-00C04F79EFBC}") = "Navy Battle", "Navy Battle\Navy Battle.csproj", "{74ACDFE9-409B-4DE0-AB01-EBF390698C9A}"
EndProject
Global
	GlobalSection(SolutionConfigurationPlatforms) = preSolution
		Debug|Any CPU = Debug|Any CPU
		Release|Any CPU = Release|Any CPU
	EndGlobalSection
	GlobalSection(ProjectConfigurationPlatforms) = postSolution
		{8DE3EC4D-75C9-401A-9C79-86A921565382}.Debug|Any CPU.ActiveCfg = Debug|Any CPU
		{8DE3EC4D-75C9-401A-9C79-86A921565382}.Debug|Any CPU.Build.0 = Debug|Any CPU
		{8DE3EC4D-75C9-401A-9C79-86A921565382}.Release|Any CPU.ActiveCfg = Release|Any CPU
		{8DE3EC4D-75C9-401A-9C79-86A921565382}.Release|Any CPU.Build.0 = Release|Any CPU
		{74ACDFE9-409B-4DE0-AB01-EBF390698C9A}.Debug|Any CPU.ActiveCfg = Debug|Any CPU
		{74ACDFE9-409B-4DE0-AB01-EBF390698C9A}.Debug|Any CPU.Build.0 = Debug|Any CPU
		{74ACDFE9-409B-4DE0-AB01-EBF390698C9A}.Release|Any CPU.ActiveCfg = Release|Any CPU
		{74ACDFE9-409B-4DE0-AB01-EBF390698C9A}.Release|Any CPU.Build.0 = Release|Any CPU
	EndGlobalSection
	GlobalSection(SolutionProperties) = preSolution
		HideSolutionNode = FALSE
	EndGlobalSection
	GlobalSection(ExtensibilityGlobals) = postSolution
		SolutionGuid = {CC446BF7-77D6-40C8-BA46-6F102E2121FF}
	EndGlobalSection
EndGlobal
