
Microsoft Visual Studio Solution File, Format Version 12.00
# Visual Studio Version 17
VisualStudioVersion = 17.4.33213.308
MinimumVisualStudioVersion = 10.0.40219.1
Project("{9A19103F-16F7-4668-BE54-9A1E7A4F7556}") = "ShoeStore", "..\..\..\Downloads\ShoeStore_Skeleton_6.0\ShoeStore.csproj", "{AE77AB5C-7DA8-4945-B75B-3DB87BE8A878}"
EndProject
Global
	GlobalSection(SolutionConfigurationPlatforms) = preSolution
		Debug|Any CPU = Debug|Any CPU
		Release|Any CPU = Release|Any CPU
	EndGlobalSection
	GlobalSection(ProjectConfigurationPlatforms) = postSolution
		{AE77AB5C-7DA8-4945-B75B-3DB87BE8A878}.Debug|Any CPU.ActiveCfg = Debug|Any CPU
		{AE77AB5C-7DA8-4945-B75B-3DB87BE8A878}.Debug|Any CPU.Build.0 = Debug|Any CPU
		{AE77AB5C-7DA8-4945-B75B-3DB87BE8A878}.Release|Any CPU.ActiveCfg = Release|Any CPU
		{AE77AB5C-7DA8-4945-B75B-3DB87BE8A878}.Release|Any CPU.Build.0 = Release|Any CPU
	EndGlobalSection
	GlobalSection(SolutionProperties) = preSolution
		HideSolutionNode = FALSE
	EndGlobalSection
	GlobalSection(ExtensibilityGlobals) = postSolution
		SolutionGuid = {CC493964-21C3-44FF-BA52-DF0932B02703}
	EndGlobalSection
EndGlobal
